// !$*UTF8*$!
{
	archiveVersion = 1;
	classes = {
	};
	objectVersion = 46;
	objects = {

/* Begin PBXBuildFile section */
		B10D220118D4A40A00832A1F /* Glossy_Icon_template_part_I_by_niccey-(1).png in Resources */ = {isa = PBXBuildFile; fileRef = B10D220018D4A40A00832A1F /* Glossy_Icon_template_part_I_by_niccey-(1).png */; };
		B12B214A18D4ACEC00B2B220 /* 0.png in Resources */ = {isa = PBXBuildFile; fileRef = B12B214918D4ACEC00B2B220 /* 0.png */; };
		B15921D718B8F62100C31552 /* Foundation.framework in Frameworks */ = {isa = PBXBuildFile; fileRef = B15921D618B8F62100C31552 /* Foundation.framework */; };
		B15921D918B8F62100C31552 /* CoreGraphics.framework in Frameworks */ = {isa = PBXBuildFile; fileRef = B15921D818B8F62100C31552 /* CoreGraphics.framework */; };
		B15921DB18B8F62100C31552 /* UIKit.framework in Frameworks */ = {isa = PBXBuildFile; fileRef = B15921DA18B8F62100C31552 /* UIKit.framework */; };
		B15921E118B8F62100C31552 /* InfoPlist.strings in Resources */ = {isa = PBXBuildFile; fileRef = B15921DF18B8F62100C31552 /* InfoPlist.strings */; };
		B15921E318B8F62100C31552 /* main.m in Sources */ = {isa = PBXBuildFile; fileRef = B15921E218B8F62100C31552 /* main.m */; };
		B15921E718B8F62100C31552 /* AppDelegate.m in Sources */ = {isa = PBXBuildFile; fileRef = B15921E618B8F62100C31552 /* AppDelegate.m */; };
		B15921EA18B8F62100C31552 /* Main_iPhone.storyboard in Resources */ = {isa = PBXBuildFile; fileRef = B15921E818B8F62100C31552 /* Main_iPhone.storyboard */; };
		B15921ED18B8F62100C31552 /* Main_iPad.storyboard in Resources */ = {isa = PBXBuildFile; fileRef = B15921EB18B8F62100C31552 /* Main_iPad.storyboard */; };
		B15921F018B8F62100C31552 /* ViewController.m in Sources */ = {isa = PBXBuildFile; fileRef = B15921EF18B8F62100C31552 /* ViewController.m */; };
		B15921F218B8F62200C31552 /* Images.xcassets in Resources */ = {isa = PBXBuildFile; fileRef = B15921F118B8F62200C31552 /* Images.xcassets */; };
		B15921F918B8F62200C31552 /* XCTest.framework in Frameworks */ = {isa = PBXBuildFile; fileRef = B15921F818B8F62200C31552 /* XCTest.framework */; };
		B15921FA18B8F62200C31552 /* Foundation.framework in Frameworks */ = {isa = PBXBuildFile; fileRef = B15921D618B8F62100C31552 /* Foundation.framework */; };
		B15921FB18B8F62200C31552 /* UIKit.framework in Frameworks */ = {isa = PBXBuildFile; fileRef = B15921DA18B8F62100C31552 /* UIKit.framework */; };
		B159220318B8F62200C31552 /* InfoPlist.strings in Resources */ = {isa = PBXBuildFile; fileRef = B159220118B8F62200C31552 /* InfoPlist.strings */; };
		B159220518B8F62200C31552 /* movableCalculator2Tests.m in Sources */ = {isa = PBXBuildFile; fileRef = B159220418B8F62200C31552 /* movableCalculator2Tests.m */; };
		B1B1846218D4C5A4008DC507 /* 1.png in Resources */ = {isa = PBXBuildFile; fileRef = B1B1845918D4C5A4008DC507 /* 1.png */; };
		B1B1846318D4C5A4008DC507 /* 2.png in Resources */ = {isa = PBXBuildFile; fileRef = B1B1845A18D4C5A4008DC507 /* 2.png */; };
		B1B1846418D4C5A4008DC507 /* 3.png in Resources */ = {isa = PBXBuildFile; fileRef = B1B1845B18D4C5A4008DC507 /* 3.png */; };
		B1B1846518D4C5A4008DC507 /* 4.png in Resources */ = {isa = PBXBuildFile; fileRef = B1B1845C18D4C5A4008DC507 /* 4.png */; };
		B1B1846618D4C5A4008DC507 /* 5.png in Resources */ = {isa = PBXBuildFile; fileRef = B1B1845D18D4C5A4008DC507 /* 5.png */; };
		B1B1846718D4C5A4008DC507 /* 6.png in Resources */ = {isa = PBXBuildFile; fileRef = B1B1845E18D4C5A4008DC507 /* 6.png */; };
		B1B1846818D4C5A4008DC507 /* 7.png in Resources */ = {isa = PBXBuildFile; fileRef = B1B1845F18D4C5A4008DC507 /* 7.png */; };
		B1B1846918D4C5A4008DC507 /* 8.png in Resources */ = {isa = PBXBuildFile; fileRef = B1B1846018D4C5A4008DC507 /* 8.png */; };
		B1B1846A18D4C5A4008DC507 /* 9.png in Resources */ = {isa = PBXBuildFile; fileRef = B1B1846118D4C5A4008DC507 /* 9.png */; };
		B1B1846E18D4CCD6008DC507 /* period.png in Resources */ = {isa = PBXBuildFile; fileRef = B1B1846C18D4CCD6008DC507 /* period.png */; };
		B1B1846F18D4CCD6008DC507 /* plusminus.png in Resources */ = {isa = PBXBuildFile; fileRef = B1B1846D18D4CCD6008DC507 /* plusminus.png */; };
		B1B1847818D4D2E7008DC507 /* divi.png in Resources */ = {isa = PBXBuildFile; fileRef = B1B1847018D4D2E7008DC507 /* divi.png */; };
		B1B1847918D4D2E7008DC507 /* divi2.png in Resources */ = {isa = PBXBuildFile; fileRef = B1B1847118D4D2E7008DC507 /* divi2.png */; };
		B1B1847A18D4D2E7008DC507 /* Minus.png in Resources */ = {isa = PBXBuildFile; fileRef = B1B1847218D4D2E7008DC507 /* Minus.png */; };
		B1B1847B18D4D2E7008DC507 /* Minus3.png in Resources */ = {isa = PBXBuildFile; fileRef = B1B1847318D4D2E7008DC507 /* Minus3.png */; };
		B1B1847C18D4D2E7008DC507 /* multi.png in Resources */ = {isa = PBXBuildFile; fileRef = B1B1847418D4D2E7008DC507 /* multi.png */; };
		B1B1847D18D4D2E7008DC507 /* multi2.png in Resources */ = {isa = PBXBuildFile; fileRef = B1B1847518D4D2E7008DC507 /* multi2.png */; };
		B1B1847E18D4D2E7008DC507 /* plus.png in Resources */ = {isa = PBXBuildFile; fileRef = B1B1847618D4D2E7008DC507 /* plus.png */; };
		B1B1847F18D4D2E7008DC507 /* plus2.png in Resources */ = {isa = PBXBuildFile; fileRef = B1B1847718D4D2E7008DC507 /* plus2.png */; };
		B1B7B71218C0807F008FEC89 /* number3_40.png in Resources */ = {isa = PBXBuildFile; fileRef = B1B7B70818C0807F008FEC89 /* number3_40.png */; };
		B1B7B71318C0807F008FEC89 /* number3_41.png in Resources */ = {isa = PBXBuildFile; fileRef = B1B7B70918C0807F008FEC89 /* number3_41.png */; };
		B1B7B71418C0807F008FEC89 /* number3_42.png in Resources */ = {isa = PBXBuildFile; fileRef = B1B7B70A18C0807F008FEC89 /* number3_42.png */; };
		B1B7B71518C0807F008FEC89 /* number3_43.png in Resources */ = {isa = PBXBuildFile; fileRef = B1B7B70B18C0807F008FEC89 /* number3_43.png */; };
		B1B7B71618C0807F008FEC89 /* number3_44.png in Resources */ = {isa = PBXBuildFile; fileRef = B1B7B70C18C0807F008FEC89 /* number3_44.png */; };
		B1B7B71718C0807F008FEC89 /* number3_45.png in Resources */ = {isa = PBXBuildFile; fileRef = B1B7B70D18C0807F008FEC89 /* number3_45.png */; };
		B1B7B71818C0807F008FEC89 /* number3_46.png in Resources */ = {isa = PBXBuildFile; fileRef = B1B7B70E18C0807F008FEC89 /* number3_46.png */; };
		B1B7B71918C0807F008FEC89 /* number3_47.png in Resources */ = {isa = PBXBuildFile; fileRef = B1B7B70F18C0807F008FEC89 /* number3_47.png */; };
		B1B7B71A18C0807F008FEC89 /* number3_48.png in Resources */ = {isa = PBXBuildFile; fileRef = B1B7B71018C0807F008FEC89 /* number3_48.png */; };
		B1B7B71B18C0807F008FEC89 /* number3_49.png in Resources */ = {isa = PBXBuildFile; fileRef = B1B7B71118C0807F008FEC89 /* number3_49.png */; };
/* End PBXBuildFile section */

/* Begin PBXContainerItemProxy section */
		B15921FC18B8F62200C31552 /* PBXContainerItemProxy */ = {
			isa = PBXContainerItemProxy;
			containerPortal = B15921CB18B8F62100C31552 /* Project object */;
			proxyType = 1;
			remoteGlobalIDString = B15921D218B8F62100C31552;
			remoteInfo = movableCalculator2;
		};
/* End PBXContainerItemProxy section */

/* Begin PBXFileReference section */
		B10D220018D4A40A00832A1F /* Glossy_Icon_template_part_I_by_niccey-(1).png */ = {isa = PBXFileReference; lastKnownFileType = image.png; path = "Glossy_Icon_template_part_I_by_niccey-(1).png"; sourceTree = "<group>"; };
		B12B214918D4ACEC00B2B220 /* 0.png */ = {isa = PBXFileReference; lastKnownFileType = image.png; path = 0.png; sourceTree = "<group>"; };
		B15921D318B8F62100C31552 /* movableCalculator2.app */ = {isa = PBXFileReference; explicitFileType = wrapper.application; includeInIndex = 0; path = movableCalculator2.app; sourceTree = BUILT_PRODUCTS_DIR; };
		B15921D618B8F62100C31552 /* Foundation.framework */ = {isa = PBXFileReference; lastKnownFileType = wrapper.framework; name = Foundation.framework; path = System/Library/Frameworks/Foundation.framework; sourceTree = SDKROOT; };
		B15921D818B8F62100C31552 /* CoreGraphics.framework */ = {isa = PBXFileReference; lastKnownFileType = wrapper.framework; name = CoreGraphics.framework; path = System/Library/Frameworks/CoreGraphics.framework; sourceTree = SDKROOT; };
		B15921DA18B8F62100C31552 /* UIKit.framework */ = {isa = PBXFileReference; lastKnownFileType = wrapper.framework; name = UIKit.framework; path = System/Library/Frameworks/UIKit.framework; sourceTree = SDKROOT; };
		B15921DE18B8F62100C31552 /* movableCalculator2-Info.plist */ = {isa = PBXFileReference; lastKnownFileType = text.plist.xml; path = "movableCalculator2-Info.plist"; sourceTree = "<group>"; };
		B15921E018B8F62100C31552 /* en */ = {isa = PBXFileReference; lastKnownFileType = text.plist.strings; name = en; path = en.lproj/InfoPlist.strings; sourceTree = "<group>"; };
		B15921E218B8F62100C31552 /* main.m */ = {isa = PBXFileReference; lastKnownFileType = sourcecode.c.objc; path = main.m; sourceTree = "<group>"; };
		B15921E418B8F62100C31552 /* movableCalculator2-Prefix.pch */ = {isa = PBXFileReference; lastKnownFileType = sourcecode.c.h; path = "movableCalculator2-Prefix.pch"; sourceTree = "<group>"; };
		B15921E518B8F62100C31552 /* AppDelegate.h */ = {isa = PBXFileReference; lastKnownFileType = sourcecode.c.h; path = AppDelegate.h; sourceTree = "<group>"; };
		B15921E618B8F62100C31552 /* AppDelegate.m */ = {isa = PBXFileReference; lastKnownFileType = sourcecode.c.objc; path = AppDelegate.m; sourceTree = "<group>"; };
		B15921E918B8F62100C31552 /* Base */ = {isa = PBXFileReference; lastKnownFileType = file.storyboard; name = Base; path = Base.lproj/Main_iPhone.storyboard; sourceTree = "<group>"; };
		B15921EC18B8F62100C31552 /* Base */ = {isa = PBXFileReference; lastKnownFileType = file.storyboard; name = Base; path = Base.lproj/Main_iPad.storyboard; sourceTree = "<group>"; };
		B15921EE18B8F62100C31552 /* ViewController.h */ = {isa = PBXFileReference; lastKnownFileType = sourcecode.c.h; path = ViewController.h; sourceTree = "<group>"; };
		B15921EF18B8F62100C31552 /* ViewController.m */ = {isa = PBXFileReference; lastKnownFileType = sourcecode.c.objc; path = ViewController.m; sourceTree = "<group>"; };
		B15921F118B8F62200C31552 /* Images.xcassets */ = {isa = PBXFileReference; lastKnownFileType = folder.assetcatalog; path = Images.xcassets; sourceTree = "<group>"; };
		B15921F718B8F62200C31552 /* movableCalculator2Tests.xctest */ = {isa = PBXFileReference; explicitFileType = wrapper.cfbundle; includeInIndex = 0; path = movableCalculator2Tests.xctest; sourceTree = BUILT_PRODUCTS_DIR; };
		B15921F818B8F62200C31552 /* XCTest.framework */ = {isa = PBXFileReference; lastKnownFileType = wrapper.framework; name = XCTest.framework; path = Library/Frameworks/XCTest.framework; sourceTree = DEVELOPER_DIR; };
		B159220018B8F62200C31552 /* movableCalculator2Tests-Info.plist */ = {isa = PBXFileReference; lastKnownFileType = text.plist.xml; path = "movableCalculator2Tests-Info.plist"; sourceTree = "<group>"; };
		B159220218B8F62200C31552 /* en */ = {isa = PBXFileReference; lastKnownFileType = text.plist.strings; name = en; path = en.lproj/InfoPlist.strings; sourceTree = "<group>"; };
		B159220418B8F62200C31552 /* movableCalculator2Tests.m */ = {isa = PBXFileReference; lastKnownFileType = sourcecode.c.objc; path = movableCalculator2Tests.m; sourceTree = "<group>"; };
		B1B1845918D4C5A4008DC507 /* 1.png */ = {isa = PBXFileReference; lastKnownFileType = image.png; path = 1.png; sourceTree = "<group>"; };
		B1B1845A18D4C5A4008DC507 /* 2.png */ = {isa = PBXFileReference; lastKnownFileType = image.png; path = 2.png; sourceTree = "<group>"; };
		B1B1845B18D4C5A4008DC507 /* 3.png */ = {isa = PBXFileReference; lastKnownFileType = image.png; path = 3.png; sourceTree = "<group>"; };
		B1B1845C18D4C5A4008DC507 /* 4.png */ = {isa = PBXFileReference; lastKnownFileType = image.png; path = 4.png; sourceTree = "<group>"; };
		B1B1845D18D4C5A4008DC507 /* 5.png */ = {isa = PBXFileReference; lastKnownFileType = image.png; path = 5.png; sourceTree = "<group>"; };
		B1B1845E18D4C5A4008DC507 /* 6.png */ = {isa = PBXFileReference; lastKnownFileType = image.png; path = 6.png; sourceTree = "<group>"; };
		B1B1845F18D4C5A4008DC507 /* 7.png */ = {isa = PBXFileReference; lastKnownFileType = image.png; path = 7.png; sourceTree = "<group>"; };
		B1B1846018D4C5A4008DC507 /* 8.png */ = {isa = PBXFileReference; lastKnownFileType = image.png; path = 8.png; sourceTree = "<group>"; };
		B1B1846118D4C5A4008DC507 /* 9.png */ = {isa = PBXFileReference; lastKnownFileType = image.png; path = 9.png; sourceTree = "<group>"; };
		B1B1846C18D4CCD6008DC507 /* period.png */ = {isa = PBXFileReference; lastKnownFileType = image.png; path = period.png; sourceTree = "<group>"; };
		B1B1846D18D4CCD6008DC507 /* plusminus.png */ = {isa = PBXFileReference; lastKnownFileType = image.png; path = plusminus.png; sourceTree = "<group>"; };
		B1B1847018D4D2E7008DC507 /* divi.png */ = {isa = PBXFileReference; lastKnownFileType = image.png; path = divi.png; sourceTree = "<group>"; };
		B1B1847118D4D2E7008DC507 /* divi2.png */ = {isa = PBXFileReference; lastKnownFileType = image.png; path = divi2.png; sourceTree = "<group>"; };
		B1B1847218D4D2E7008DC507 /* Minus.png */ = {isa = PBXFileReference; lastKnownFileType = image.png; path = Minus.png; sourceTree = "<group>"; };
		B1B1847318D4D2E7008DC507 /* Minus3.png */ = {isa = PBXFileReference; lastKnownFileType = image.png; path = Minus3.png; sourceTree = "<group>"; };
		B1B1847418D4D2E7008DC507 /* multi.png */ = {isa = PBXFileReference; lastKnownFileType = image.png; path = multi.png; sourceTree = "<group>"; };
		B1B1847518D4D2E7008DC507 /* multi2.png */ = {isa = PBXFileReference; lastKnownFileType = image.png; path = multi2.png; sourceTree = "<group>"; };
		B1B1847618D4D2E7008DC507 /* plus.png */ = {isa = PBXFileReference; lastKnownFileType = image.png; path = plus.png; sourceTree = "<group>"; };
		B1B1847718D4D2E7008DC507 /* plus2.png */ = {isa = PBXFileReference; lastKnownFileType = image.png; path = plus2.png; sourceTree = "<group>"; };
		B1B7B70818C0807F008FEC89 /* number3_40.png */ = {isa = PBXFileReference; lastKnownFileType = image.png; path = number3_40.png; sourceTree = "<group>"; };
		B1B7B70918C0807F008FEC89 /* number3_41.png */ = {isa = PBXFileReference; lastKnownFileType = image.png; path = number3_41.png; sourceTree = "<group>"; };
		B1B7B70A18C0807F008FEC89 /* number3_42.png */ = {isa = PBXFileReference; lastKnownFileType = image.png; path = number3_42.png; sourceTree = "<group>"; };
		B1B7B70B18C0807F008FEC89 /* number3_43.png */ = {isa = PBXFileReference; lastKnownFileType = image.png; path = number3_43.png; sourceTree = "<group>"; };
		B1B7B70C18C0807F008FEC89 /* number3_44.png */ = {isa = PBXFileReference; lastKnownFileType = image.png; path = number3_44.png; sourceTree = "<group>"; };
		B1B7B70D18C0807F008FEC89 /* number3_45.png */ = {isa = PBXFileReference; lastKnownFileType = image.png; path = number3_45.png; sourceTree = "<group>"; };
		B1B7B70E18C0807F008FEC89 /* number3_46.png */ = {isa = PBXFileReference; lastKnownFileType = image.png; path = number3_46.png; sourceTree = "<group>"; };
		B1B7B70F18C0807F008FEC89 /* number3_47.png */ = {isa = PBXFileReference; lastKnownFileType = image.png; path = number3_47.png; sourceTree = "<group>"; };
		B1B7B71018C0807F008FEC89 /* number3_48.png */ = {isa = PBXFileReference; lastKnownFileType = image.png; path = number3_48.png; sourceTree = "<group>"; };
		B1B7B71118C0807F008FEC89 /* number3_49.png */ = {isa = PBXFileReference; lastKnownFileType = image.png; path = number3_49.png; sourceTree = "<group>"; };
/* End PBXFileReference section */

/* Begin PBXFrameworksBuildPhase section */
		B15921D018B8F62100C31552 /* Frameworks */ = {
			isa = PBXFrameworksBuildPhase;
			buildActionMask = 2147483647;
			files = (
				B15921D918B8F62100C31552 /* CoreGraphics.framework in Frameworks */,
				B15921DB18B8F62100C31552 /* UIKit.framework in Frameworks */,
				B15921D718B8F62100C31552 /* Foundation.framework in Frameworks */,
			);
			runOnlyForDeploymentPostprocessing = 0;
		};
		B15921F418B8F62200C31552 /* Frameworks */ = {
			isa = PBXFrameworksBuildPhase;
			buildActionMask = 2147483647;
			files = (
				B15921F918B8F62200C31552 /* XCTest.framework in Frameworks */,
				B15921FB18B8F62200C31552 /* UIKit.framework in Frameworks */,
				B15921FA18B8F62200C31552 /* Foundation.framework in Frameworks */,
			);
			runOnlyForDeploymentPostprocessing = 0;
		};
/* End PBXFrameworksBuildPhase section */

/* Begin PBXGroup section */
		B15921CA18B8F62100C31552 = {
			isa = PBXGroup;
			children = (
				B15921DC18B8F62100C31552 /* movableCalculator2 */,
				B15921FE18B8F62200C31552 /* movableCalculator2Tests */,
				B15921D518B8F62100C31552 /* Frameworks */,
				B15921D418B8F62100C31552 /* Products */,
			);
			sourceTree = "<group>";
		};
		B15921D418B8F62100C31552 /* Products */ = {
			isa = PBXGroup;
			children = (
				B15921D318B8F62100C31552 /* movableCalculator2.app */,
				B15921F718B8F62200C31552 /* movableCalculator2Tests.xctest */,
			);
			name = Products;
			sourceTree = "<group>";
		};
		B15921D518B8F62100C31552 /* Frameworks */ = {
			isa = PBXGroup;
			children = (
				B15921D618B8F62100C31552 /* Foundation.framework */,
				B15921D818B8F62100C31552 /* CoreGraphics.framework */,
				B15921DA18B8F62100C31552 /* UIKit.framework */,
				B15921F818B8F62200C31552 /* XCTest.framework */,
			);
			name = Frameworks;
			sourceTree = "<group>";
		};
		B15921DC18B8F62100C31552 /* movableCalculator2 */ = {
			isa = PBXGroup;
			children = (
				B15921E518B8F62100C31552 /* AppDelegate.h */,
				B15921E618B8F62100C31552 /* AppDelegate.m */,
				B15921E818B8F62100C31552 /* Main_iPhone.storyboard */,
				B15921EB18B8F62100C31552 /* Main_iPad.storyboard */,
				B15921EE18B8F62100C31552 /* ViewController.h */,
				B15921EF18B8F62100C31552 /* ViewController.m */,
				B1B7B70718C0806D008FEC89 /* img */,
				B15921F118B8F62200C31552 /* Images.xcassets */,
				B15921DD18B8F62100C31552 /* Supporting Files */,
			);
			path = movableCalculator2;
			sourceTree = "<group>";
		};
		B15921DD18B8F62100C31552 /* Supporting Files */ = {
			isa = PBXGroup;
			children = (
				B15921DE18B8F62100C31552 /* movableCalculator2-Info.plist */,
				B15921DF18B8F62100C31552 /* InfoPlist.strings */,
				B15921E218B8F62100C31552 /* main.m */,
				B15921E418B8F62100C31552 /* movableCalculator2-Prefix.pch */,
			);
			name = "Supporting Files";
			sourceTree = "<group>";
		};
		B15921FE18B8F62200C31552 /* movableCalculator2Tests */ = {
			isa = PBXGroup;
			children = (
				B159220418B8F62200C31552 /* movableCalculator2Tests.m */,
				B15921FF18B8F62200C31552 /* Supporting Files */,
			);
			path = movableCalculator2Tests;
			sourceTree = "<group>";
		};
		B15921FF18B8F62200C31552 /* Supporting Files */ = {
			isa = PBXGroup;
			children = (
				B159220018B8F62200C31552 /* movableCalculator2Tests-Info.plist */,
				B159220118B8F62200C31552 /* InfoPlist.strings */,
			);
			name = "Supporting Files";
			sourceTree = "<group>";
		};
		B1B7B70718C0806D008FEC89 /* img */ = {
			isa = PBXGroup;
			children = (
				B1B1846C18D4CCD6008DC507 /* period.png */,
				B1B1846D18D4CCD6008DC507 /* plusminus.png */,
				B1B1847018D4D2E7008DC507 /* divi.png */,
				B1B1847118D4D2E7008DC507 /* divi2.png */,
				B1B1847218D4D2E7008DC507 /* Minus.png */,
				B1B1847318D4D2E7008DC507 /* Minus3.png */,
				B1B1847418D4D2E7008DC507 /* multi.png */,
				B1B1847518D4D2E7008DC507 /* multi2.png */,
				B1B1847618D4D2E7008DC507 /* plus.png */,
				B1B1847718D4D2E7008DC507 /* plus2.png */,
				B12B214918D4ACEC00B2B220 /* 0.png */,
				B1B1845918D4C5A4008DC507 /* 1.png */,
				B1B1845A18D4C5A4008DC507 /* 2.png */,
				B1B1845B18D4C5A4008DC507 /* 3.png */,
				B1B1845C18D4C5A4008DC507 /* 4.png */,
				B1B1845D18D4C5A4008DC507 /* 5.png */,
				B1B1845E18D4C5A4008DC507 /* 6.png */,
				B1B1845F18D4C5A4008DC507 /* 7.png */,
				B1B1846018D4C5A4008DC507 /* 8.png */,
				B1B1846118D4C5A4008DC507 /* 9.png */,
				B10D220018D4A40A00832A1F /* Glossy_Icon_template_part_I_by_niccey-(1).png */,
				B1B7B70818C0807F008FEC89 /* number3_40.png */,
				B1B7B70918C0807F008FEC89 /* number3_41.png */,
				B1B7B70A18C0807F008FEC89 /* number3_42.png */,
				B1B7B70B18C0807F008FEC89 /* number3_43.png */,
				B1B7B70C18C0807F008FEC89 /* number3_44.png */,
				B1B7B70D18C0807F008FEC89 /* number3_45.png */,
				B1B7B70E18C0807F008FEC89 /* number3_46.png */,
				B1B7B70F18C0807F008FEC89 /* number3_47.png */,
				B1B7B71018C0807F008FEC89 /* number3_48.png */,
				B1B7B71118C0807F008FEC89 /* number3_49.png */,
			);
			name = img;
			sourceTree = "<group>";
		};
/* End PBXGroup section */

/* Begin PBXNativeTarget section */
		B15921D218B8F62100C31552 /* movableCalculator2 */ = {
			isa = PBXNativeTarget;
			buildConfigurationList = B159220818B8F62200C31552 /* Build configuration list for PBXNativeTarget "movableCalculator2" */;
			buildPhases = (
				B15921CF18B8F62100C31552 /* Sources */,
				B15921D018B8F62100C31552 /* Frameworks */,
				B15921D118B8F62100C31552 /* Resources */,
			);
			buildRules = (
			);
			dependencies = (
			);
			name = movableCalculator2;
			productName = movableCalculator2;
			productReference = B15921D318B8F62100C31552 /* movableCalculator2.app */;
			productType = "com.apple.product-type.application";
		};
		B15921F618B8F62200C31552 /* movableCalculator2Tests */ = {
			isa = PBXNativeTarget;
			buildConfigurationList = B159220B18B8F62200C31552 /* Build configuration list for PBXNativeTarget "movableCalculator2Tests" */;
			buildPhases = (
				B15921F318B8F62200C31552 /* Sources */,
				B15921F418B8F62200C31552 /* Frameworks */,
				B15921F518B8F62200C31552 /* Resources */,
			);
			buildRules = (
			);
			dependencies = (
				B15921FD18B8F62200C31552 /* PBXTargetDependency */,
			);
			name = movableCalculator2Tests;
			productName = movableCalculator2Tests;
			productReference = B15921F718B8F62200C31552 /* movableCalculator2Tests.xctest */;
			productType = "com.apple.product-type.bundle.unit-test";
		};
/* End PBXNativeTarget section */

/* Begin PBXProject section */
		B15921CB18B8F62100C31552 /* Project object */ = {
			isa = PBXProject;
			attributes = {
				LastUpgradeCheck = 0510;
				ORGANIZATIONNAME = ucuc;
				TargetAttributes = {
					B15921F618B8F62200C31552 = {
						TestTargetID = B15921D218B8F62100C31552;
					};
				};
			};
			buildConfigurationList = B15921CE18B8F62100C31552 /* Build configuration list for PBXProject "movableCalculator2" */;
			compatibilityVersion = "Xcode 3.2";
			developmentRegion = English;
			hasScannedForEncodings = 0;
			knownRegions = (
				en,
				Base,
			);
			mainGroup = B15921CA18B8F62100C31552;
			productRefGroup = B15921D418B8F62100C31552 /* Products */;
			projectDirPath = "";
			projectRoot = "";
			targets = (
				B15921D218B8F62100C31552 /* movableCalculator2 */,
				B15921F618B8F62200C31552 /* movableCalculator2Tests */,
			);
		};
/* End PBXProject section */

/* Begin PBXResourcesBuildPhase section */
		B15921D118B8F62100C31552 /* Resources */ = {
			isa = PBXResourcesBuildPhase;
			buildActionMask = 2147483647;
			files = (
				B1B1847A18D4D2E7008DC507 /* Minus.png in Resources */,
				B1B1847E18D4D2E7008DC507 /* plus.png in Resources */,
				B1B1846918D4C5A4008DC507 /* 8.png in Resources */,
				B1B1846718D4C5A4008DC507 /* 6.png in Resources */,
				B1B1847F18D4D2E7008DC507 /* plus2.png in Resources */,
				B1B7B71A18C0807F008FEC89 /* number3_48.png in Resources */,
				B1B1847D18D4D2E7008DC507 /* multi2.png in Resources */,
				B1B1846218D4C5A4008DC507 /* 1.png in Resources */,
				B15921ED18B8F62100C31552 /* Main_iPad.storyboard in Resources */,
				B1B1847B18D4D2E7008DC507 /* Minus3.png in Resources */,
				B1B1847C18D4D2E7008DC507 /* multi.png in Resources */,
				B1B7B71718C0807F008FEC89 /* number3_45.png in Resources */,
				B1B1846E18D4CCD6008DC507 /* period.png in Resources */,
				B1B7B71218C0807F008FEC89 /* number3_40.png in Resources */,
				B1B1846418D4C5A4008DC507 /* 3.png in Resources */,
				B1B7B71418C0807F008FEC89 /* number3_42.png in Resources */,
				B1B1846318D4C5A4008DC507 /* 2.png in Resources */,
				B1B1846518D4C5A4008DC507 /* 4.png in Resources */,
				B10D220118D4A40A00832A1F /* Glossy_Icon_template_part_I_by_niccey-(1).png in Resources */,
				B1B7B71518C0807F008FEC89 /* number3_43.png in Resources */,
				B15921F218B8F62200C31552 /* Images.xcassets in Resources */,
				B12B214A18D4ACEC00B2B220 /* 0.png in Resources */,
				B1B7B71618C0807F008FEC89 /* number3_44.png in Resources */,
				B1B7B71818C0807F008FEC89 /* number3_46.png in Resources */,
				B1B1846818D4C5A4008DC507 /* 7.png in Resources */,
				B1B1846A18D4C5A4008DC507 /* 9.png in Resources */,
				B1B1846F18D4CCD6008DC507 /* plusminus.png in Resources */,
				B1B7B71B18C0807F008FEC89 /* number3_49.png in Resources */,
				B15921EA18B8F62100C31552 /* Main_iPhone.storyboard in Resources */,
				B1B1847918D4D2E7008DC507 /* divi2.png in Resources */,
				B15921E118B8F62100C31552 /* InfoPlist.strings in Resources */,
				B1B1846618D4C5A4008DC507 /* 5.png in Resources */,
				B1B7B71318C0807F008FEC89 /* number3_41.png in Resources */,
				B1B7B71918C0807F008FEC89 /* number3_47.png in Resources */,
				B1B1847818D4D2E7008DC507 /* divi.png in Resources */,
			);
			runOnlyForDeploymentPostprocessing = 0;
		};
		B15921F518B8F62200C31552 /* Resources */ = {
			isa = PBXResourcesBuildPhase;
			buildActionMask = 2147483647;
			files = (
				B159220318B8F62200C31552 /* InfoPlist.strings in Resources */,
			);
			runOnlyForDeploymentPostprocessing = 0;
		};
/* End PBXResourcesBuildPhase section */

/* Begin PBXSourcesBuildPhase section */
		B15921CF18B8F62100C31552 /* Sources */ = {
			isa = PBXSourcesBuildPhase;
			buildActionMask = 2147483647;
			files = (
				B15921F018B8F62100C31552 /* ViewController.m in Sources */,
				B15921E718B8F62100C31552 /* AppDelegate.m in Sources */,
				B15921E318B8F62100C31552 /* main.m in Sources */,
			);
			runOnlyForDeploymentPostprocessing = 0;
		};
		B15921F318B8F62200C31552 /* Sources */ = {
			isa = PBXSourcesBuildPhase;
			buildActionMask = 2147483647;
			files = (
				B159220518B8F62200C31552 /* movableCalculator2Tests.m in Sources */,
			);
			runOnlyForDeploymentPostprocessing = 0;
		};
/* End PBXSourcesBuildPhase section */

/* Begin PBXTargetDependency section */
		B15921FD18B8F62200C31552 /* PBXTargetDependency */ = {
			isa = PBXTargetDependency;
			target = B15921D218B8F62100C31552 /* movableCalculator2 */;
			targetProxy = B15921FC18B8F62200C31552 /* PBXContainerItemProxy */;
		};
/* End PBXTargetDependency section */

/* Begin PBXVariantGroup section */
		B15921DF18B8F62100C31552 /* InfoPlist.strings */ = {
			isa = PBXVariantGroup;
			children = (
				B15921E018B8F62100C31552 /* en */,
			);
			name = InfoPlist.strings;
			sourceTree = "<group>";
		};
		B15921E818B8F62100C31552 /* Main_iPhone.storyboard */ = {
			isa = PBXVariantGroup;
			children = (
				B15921E918B8F62100C31552 /* Base */,
			);
			name = Main_iPhone.storyboard;
			sourceTree = "<group>";
		};
		B15921EB18B8F62100C31552 /* Main_iPad.storyboard */ = {
			isa = PBXVariantGroup;
			children = (
				B15921EC18B8F62100C31552 /* Base */,
			);
			name = Main_iPad.storyboard;
			sourceTree = "<group>";
		};
		B159220118B8F62200C31552 /* InfoPlist.strings */ = {
			isa = PBXVariantGroup;
			children = (
				B159220218B8F62200C31552 /* en */,
			);
			name = InfoPlist.strings;
			sourceTree = "<group>";
		};
/* End PBXVariantGroup section */

/* Begin XCBuildConfiguration section */
		B159220618B8F62200C31552 /* Debug */ = {
			isa = XCBuildConfiguration;
			buildSettings = {
				ALWAYS_SEARCH_USER_PATHS = NO;
				CLANG_CXX_LANGUAGE_STANDARD = "gnu++0x";
				CLANG_CXX_LIBRARY = "libc++";
				CLANG_ENABLE_MODULES = YES;
				CLANG_ENABLE_OBJC_ARC = YES;
				CLANG_WARN_BOOL_CONVERSION = YES;
				CLANG_WARN_CONSTANT_CONVERSION = YES;
				CLANG_WARN_DIRECT_OBJC_ISA_USAGE = YES_ERROR;
				CLANG_WARN_EMPTY_BODY = YES;
				CLANG_WARN_ENUM_CONVERSION = YES;
				CLANG_WARN_INT_CONVERSION = YES;
				CLANG_WARN_OBJC_ROOT_CLASS = YES_ERROR;
				CLANG_WARN__DUPLICATE_METHOD_MATCH = YES;
				"CODE_SIGN_IDENTITY[sdk=iphoneos*]" = "iPhone Developer";
				COPY_PHASE_STRIP = NO;
				GCC_C_LANGUAGE_STANDARD = gnu99;
				GCC_DYNAMIC_NO_PIC = NO;
				GCC_OPTIMIZATION_LEVEL = 0;
				GCC_PREPROCESSOR_DEFINITIONS = (
					"DEBUG=1",
					"$(inherited)",
				);
				GCC_SYMBOLS_PRIVATE_EXTERN = NO;
				GCC_WARN_64_TO_32_BIT_CONVERSION = YES;
				GCC_WARN_ABOUT_RETURN_TYPE = YES_ERROR;
				GCC_WARN_UNDECLARED_SELECTOR = YES;
				GCC_WARN_UNINITIALIZED_AUTOS = YES;
				GCC_WARN_UNUSED_FUNCTION = YES;
				GCC_WARN_UNUSED_VARIABLE = YES;
				IPHONEOS_DEPLOYMENT_TARGET = 7.0;
				ONLY_ACTIVE_ARCH = YES;
				SDKROOT = iphoneos;
				TARGETED_DEVICE_FAMILY = "1,2";
			};
			name = Debug;
		};
		B159220718B8F62200C31552 /* Release */ = {
			isa = XCBuildConfiguration;
			buildSettings = {
				ALWAYS_SEARCH_USER_PATHS = NO;
				CLANG_CXX_LANGUAGE_STANDARD = "gnu++0x";
				CLANG_CXX_LIBRARY = "libc++";
				CLANG_ENABLE_MODULES = YES;
				CLANG_ENABLE_OBJC_ARC = YES;
				CLANG_WARN_BOOL_CONVERSION = YES;
				CLANG_WARN_CONSTANT_CONVERSION = YES;
				CLANG_WARN_DIRECT_OBJC_ISA_USAGE = YES_ERROR;
				CLANG_WARN_EMPTY_BODY = YES;
				CLANG_WARN_ENUM_CONVERSION = YES;
				CLANG_WARN_INT_CONVERSION = YES;
				CLANG_WARN_OBJC_ROOT_CLASS = YES_ERROR;
				CLANG_WARN__DUPLICATE_METHOD_MATCH = YES;
				"CODE_SIGN_IDENTITY[sdk=iphoneos*]" = "iPhone Developer";
				COPY_PHASE_STRIP = YES;
				ENABLE_NS_ASSERTIONS = NO;
				GCC_C_LANGUAGE_STANDARD = gnu99;
				GCC_WARN_64_TO_32_BIT_CONVERSION = YES;
				GCC_WARN_ABOUT_RETURN_TYPE = YES_ERROR;
				GCC_WARN_UNDECLARED_SELECTOR = YES;
				GCC_WARN_UNINITIALIZED_AUTOS = YES;
				GCC_WARN_UNUSED_FUNCTION = YES;
				GCC_WARN_UNUSED_VARIABLE = YES;
				IPHONEOS_DEPLOYMENT_TARGET = 7.0;
				SDKROOT = iphoneos;
				TARGETED_DEVICE_FAMILY = "1,2";
				VALIDATE_PRODUCT = YES;
			};
			name = Release;
		};
		B159220918B8F62200C31552 /* Debug */ = {
			isa = XCBuildConfiguration;
			buildSettings = {
				ASSETCATALOG_COMPILER_APPICON_NAME = AppIcon;
				ASSETCATALOG_COMPILER_LAUNCHIMAGE_NAME = LaunchImage;
				GCC_PRECOMPILE_PREFIX_HEADER = YES;
				GCC_PREFIX_HEADER = "movableCalculator2/movableCalculator2-Prefix.pch";
				INFOPLIST_FILE = "movableCalculator2/movableCalculator2-Info.plist";
				PRODUCT_NAME = "$(TARGET_NAME)";
				WRAPPER_EXTENSION = app;
			};
			name = Debug;
		};
		B159220A18B8F62200C31552 /* Release */ = {
			isa = XCBuildConfiguration;
			buildSettings = {
				ASSETCATALOG_COMPILER_APPICON_NAME = AppIcon;
				ASSETCATALOG_COMPILER_LAUNCHIMAGE_NAME = LaunchImage;
				GCC_PRECOMPILE_PREFIX_HEADER = YES;
				GCC_PREFIX_HEADER = "movableCalculator2/movableCalculator2-Prefix.pch";
				INFOPLIST_FILE = "movableCalculator2/movableCalculator2-Info.plist";
				PRODUCT_NAME = "$(TARGET_NAME)";
				WRAPPER_EXTENSION = app;
			};
			name = Release;
		};
		B159220C18B8F62200C31552 /* Debug */ = {
			isa = XCBuildConfiguration;
			buildSettings = {
				BUNDLE_LOADER = "$(BUILT_PRODUCTS_DIR)/movableCalculator2.app/movableCalculator2";
				FRAMEWORK_SEARCH_PATHS = (
					"$(SDKROOT)/Developer/Library/Frameworks",
					"$(inherited)",
					"$(DEVELOPER_FRAMEWORKS_DIR)",
				);
				GCC_PRECOMPILE_PREFIX_HEADER = YES;
				GCC_PREFIX_HEADER = "movableCalculator2/movableCalculator2-Prefix.pch";
				GCC_PREPROCESSOR_DEFINITIONS = (
					"DEBUG=1",
					"$(inherited)",
				);
				INFOPLIST_FILE = "movableCalculator2Tests/movableCalculator2Tests-Info.plist";
				PRODUCT_NAME = "$(TARGET_NAME)";
				TEST_HOST = "$(BUNDLE_LOADER)";
				WRAPPER_EXTENSION = xctest;
			};
			name = Debug;
		};
		B159220D18B8F62200C31552 /* Release */ = {
			isa = XCBuildConfiguration;
			buildSettings = {
				BUNDLE_LOADER = "$(BUILT_PRODUCTS_DIR)/movableCalculator2.app/movableCalculator2";
				FRAMEWORK_SEARCH_PATHS = (
					"$(SDKROOT)/Developer/Library/Frameworks",
					"$(inherited)",
					"$(DEVELOPER_FRAMEWORKS_DIR)",
				);
				GCC_PRECOMPILE_PREFIX_HEADER = YES;
				GCC_PREFIX_HEADER = "movableCalculator2/movableCalculator2-Prefix.pch";
				INFOPLIST_FILE = "movableCalculator2Tests/movableCalculator2Tests-Info.plist";
				PRODUCT_NAME = "$(TARGET_NAME)";
				TEST_HOST = "$(BUNDLE_LOADER)";
				WRAPPER_EXTENSION = xctest;
			};
			name = Release;
		};
/* End XCBuildConfiguration section */

/* Begin XCConfigurationList section */
		B15921CE18B8F62100C31552 /* Build configuration list for PBXProject "movableCalculator2" */ = {
			isa = XCConfigurationList;
			buildConfigurations = (
				B159220618B8F62200C31552 /* Debug */,
				B159220718B8F62200C31552 /* Release */,
			);
			defaultConfigurationIsVisible = 0;
			defaultConfigurationName = Release;
		};
		B159220818B8F62200C31552 /* Build configuration list for PBXNativeTarget "movableCalculator2" */ = {
			isa = XCConfigurationList;
			buildConfigurations = (
				B159220918B8F62200C31552 /* Debug */,
				B159220A18B8F62200C31552 /* Release */,
			);
			defaultConfigurationIsVisible = 0;
			defaultConfigurationName = Release;
		};
		B159220B18B8F62200C31552 /* Build configuration list for PBXNativeTarget "movableCalculator2Tests" */ = {
			isa = XCConfigurationList;
			buildConfigurations = (
				B159220C18B8F62200C31552 /* Debug */,
				B159220D18B8F62200C31552 /* Release */,
			);
			defaultConfigurationIsVisible = 0;
			defaultConfigurationName = Release;
		};
/* End XCConfigurationList section */
	};
	rootObject = B15921CB18B8F62100C31552 /* Project object */;
}
